{
  "name": "oipage",
  "version": "1.1.0",
  "lockfileVersion": 2,
  "requires": true,
  "packages": {
    "": {
      "name": "oipage",
      "version": "1.1.0",
      "license": "MIT",
      "bin": {
        "oipage-cli": "bin/run"
      },
      "devDependencies": {
        "oipage": "^0.2.0"
      }
    },
    "node_modules/oipage": {
      "version": "0.2.0",
      "resolved": "https://registry.npmjs.org/oipage/-/oipage-0.2.0.tgz",
      "integrity": "sha512-jp56oyKJnIjhl2lU5XJpLD2l512lWydZKeFwWWebRI4RH6fkPc4U2fewhkS3tMq1j5FTqs3pq94/4++1Jo2JkA==",
      "dev": true,
      "bin": {
        "oipage-cli": "bin/run"
      }
    }
  },
  "dependencies": {
    "oipage": {
      "version": "0.2.0",
      "resolved": "https://registry.npmjs.org/oipage/-/oipage-0.2.0.tgz",
      "integrity": "sha512-jp56oyKJnIjhl2lU5XJpLD2l512lWydZKeFwWWebRI4RH6fkPc4U2fewhkS3tMq1j5FTqs3pq94/4++1Jo2JkA==",
      "dev": true
    }
  }
}
