{
  "name": "oipage",
  "version": "1.3.1",
  "lockfileVersion": 2,
  "requires": true,
  "packages": {
    "": {
      "name": "oipage",
      "version": "1.3.1",
      "license": "MIT",
      "dependencies": {
        "vislite": "^1.4.0"
      },
      "bin": {
        "oipage-cli": "bin/run"
      }
    },
    "node_modules/oipage": {
      "version": "1.3.0",
      "resolved": "https://registry.npmjs.org/oipage/-/oipage-1.3.0.tgz",
      "integrity": "sha512-P1Lh3mPdnmOEueAE+47LLRQIY46b1vnC4/QWCp/0m4YRkJJWhlVtZMFk3aZ5EDkljwrPgBVwDZWD62gYdMpoYQ==",
      "license": "MIT",
      "dependencies": {
        "vislite": "^1.3.0"
      },
      "bin": {
        "oipage-cli": "bin/run"
      }
    },
    "node_modules/vislite": {
      "version": "1.4.0",
      "resolved": "https://registry.npmjs.org/vislite/-/vislite-1.4.0.tgz",
      "integrity": "sha512-Ii8tj1+5ZM2sfS4Al22ZO7JEOHZ/SitQYqTLyDkVbufzuwr7TJF9WaXa0mwMlRYVSua3q/Aq48/2Oj+kUxVvng==",
      "license": "MIT",
      "dependencies": {
        "oipage": "^1.3.0"
      }
    }
  },
  "dependencies": {
    "oipage": {
      "version": "1.3.0",
      "resolved": "https://registry.npmjs.org/oipage/-/oipage-1.3.0.tgz",
      "integrity": "sha512-P1Lh3mPdnmOEueAE+47LLRQIY46b1vnC4/QWCp/0m4YRkJJWhlVtZMFk3aZ5EDkljwrPgBVwDZWD62gYdMpoYQ==",
      "requires": {
        "vislite": "^1.3.0"
      }
    },
    "vislite": {
      "version": "1.4.0",
      "resolved": "https://registry.npmjs.org/vislite/-/vislite-1.4.0.tgz",
      "integrity": "sha512-Ii8tj1+5ZM2sfS4Al22ZO7JEOHZ/SitQYqTLyDkVbufzuwr7TJF9WaXa0mwMlRYVSua3q/Aq48/2Oj+kUxVvng==",
      "requires": {
        "oipage": "^1.3.0"
      }
    }
  }
}
